
Microsoft Visual Studio Solution File, Format Version 12.00
# Visual Studio Version 17
VisualStudioVersion = 17.0.31612.314
MinimumVisualStudioVersion = 10.0.40219.1
Project("{9A19103F-16F7-4668-BE54-9A1E7A4F7556}") = "DotNet_Design_Patterns", "DotNet_Design_Patterns\DotNet_Design_Patterns.csproj", "{0B26527B-C899-4862-B9BE-C7FC4C146C55}"
EndProject
Project("{FAE04EC0-301F-11D3-BF4B-00C04F79EFBC}") = "ConsoleApp1", "ConsoleApp1\ConsoleApp1.csproj", "{659C6581-B289-48B1-A5D2-76986E9DE03C}"
EndProject
Global
	GlobalSection(SolutionConfigurationPlatforms) = preSolution
		Debug|Any CPU = Debug|Any CPU
		Release|Any CPU = Release|Any CPU
	EndGlobalSection
	GlobalSection(ProjectConfigurationPlatforms) = postSolution
		{0B26527B-C899-4862-B9BE-C7FC4C146C55}.Debug|Any CPU.ActiveCfg = Debug|Any CPU
		{0B26527B-C899-4862-B9BE-C7FC4C146C55}.Debug|Any CPU.Build.0 = Debug|Any CPU
		{0B26527B-C899-4862-B9BE-C7FC4C146C55}.Release|Any CPU.ActiveCfg = Release|Any CPU
		{0B26527B-C899-4862-B9BE-C7FC4C146C55}.Release|Any CPU.Build.0 = Release|Any CPU
		{659C6581-B289-48B1-A5D2-76986E9DE03C}.Debug|Any CPU.ActiveCfg = Debug|Any CPU
		{659C6581-B289-48B1-A5D2-76986E9DE03C}.Debug|Any CPU.Build.0 = Debug|Any CPU
		{659C6581-B289-48B1-A5D2-76986E9DE03C}.Release|Any CPU.ActiveCfg = Release|Any CPU
		{659C6581-B289-48B1-A5D2-76986E9DE03C}.Release|Any CPU.Build.0 = Release|Any CPU
	EndGlobalSection
	GlobalSection(SolutionProperties) = preSolution
		HideSolutionNode = FALSE
	EndGlobalSection
	GlobalSection(ExtensibilityGlobals) = postSolution
		SolutionGuid = {59922F1C-EE3B-435A-8A7C-1F6CAC2A9506}
	EndGlobalSection
EndGlobal
